// !$*UTF8*$!
{
	archiveVersion = 1;
	classes = {
	};
	objectVersion = 48;
	objects = {

/* Begin PBXBuildFile section */
		835A99991FA09169004234BC /* AppDelegate.swift in Sources */ = {isa = PBXBuildFile; fileRef = 835A99981FA09169004234BC /* AppDelegate.swift */; };
		835A999B1FA09169004234BC /* ViewController.swift in Sources */ = {isa = PBXBuildFile; fileRef = 835A999A1FA09169004234BC /* ViewController.swift */; };
		835A999E1FA09169004234BC /* Main.storyboard in Resources */ = {isa = PBXBuildFile; fileRef = 835A999C1FA09169004234BC /* Main.storyboard */; };
		835A99A11FA09169004234BC /* News_reader.xcdatamodeld in Sources */ = {isa = PBXBuildFile; fileRef = 835A999F1FA09169004234BC /* News_reader.xcdatamodeld */; };
		835A99A31FA09169004234BC /* Assets.xcassets in Resources */ = {isa = PBXBuildFile; fileRef = 835A99A21FA09169004234BC /* Assets.xcassets */; };
		835A99A61FA09169004234BC /* LaunchScreen.storyboard in Resources */ = {isa = PBXBuildFile; fileRef = 835A99A41FA09169004234BC /* LaunchScreen.storyboard */; };
/* End PBXBuildFile section */

/* Begin PBXFileReference section */
		835A99951FA09169004234BC /* News reader.app */ = {isa = PBXFileReference; explicitFileType = wrapper.application; includeInIndex = 0; path = "News reader.app"; sourceTree = BUILT_PRODUCTS_DIR; };
		835A99981FA09169004234BC /* AppDelegate.swift */ = {isa = PBXFileReference; lastKnownFileType = sourcecode.swift; path = AppDelegate.swift; sourceTree = "<group>"; };
		835A999A1FA09169004234BC /* ViewController.swift */ = {isa = PBXFileReference; lastKnownFileType = sourcecode.swift; path = ViewController.swift; sourceTree = "<group>"; };
		835A999D1FA09169004234BC /* Base */ = {isa = PBXFileReference; lastKnownFileType = file.storyboard; name = Base; path = Base.lproj/Main.storyboard; sourceTree = "<group>"; };
		835A99A01FA09169004234BC /* News_reader.xcdatamodel */ = {isa = PBXFileReference; lastKnownFileType = wrapper.xcdatamodel; path = News_reader.xcdatamodel; sourceTree = "<group>"; };
		835A99A21FA09169004234BC /* Assets.xcassets */ = {isa = PBXFileReference; lastKnownFileType = folder.assetcatalog; path = Assets.xcassets; sourceTree = "<group>"; };
		835A99A51FA09169004234BC /* Base */ = {isa = PBXFileReference; lastKnownFileType = file.storyboard; name = Base; path = Base.lproj/LaunchScreen.storyboard; sourceTree = "<group>"; };
		835A99A71FA09169004234BC /* Info.plist */ = {isa = PBXFileReference; lastKnownFileType = text.plist.xml; path = Info.plist; sourceTree = "<group>"; };
/* End PBXFileReference section */

/* Begin PBXFrameworksBuildPhase section */
		835A99921FA09169004234BC /* Frameworks */ = {
			isa = PBXFrameworksBuildPhase;
			buildActionMask = 2147483647;
			files = (
			);
			runOnlyForDeploymentPostprocessing = 0;
		};
/* End PBXFrameworksBuildPhase section */

/* Begin PBXGroup section */
		835A998C1FA09169004234BC = {
			isa = PBXGroup;
			children = (
				835A99971FA09169004234BC /* News reader */,
				835A99961FA09169004234BC /* Products */,
			);
			sourceTree = "<group>";
		};
		835A99961FA09169004234BC /* Products */ = {
			isa = PBXGroup;
			children = (
				835A99951FA09169004234BC /* News reader.app */,
			);
			name = Products;
			sourceTree = "<group>";
		};
		835A99971FA09169004234BC /* News reader */ = {
			isa = PBXGroup;
			children = (
				835A99B11FA09C93004234BC /* Core Data */,
				835A99B01FA09C6C004234BC /* Core */,
				835A99AF1FA09C5F004234BC /* View */,
				835A99AE1FA09C44004234BC /* Model */,
				835A99AD1FA09C35004234BC /* Controller */,
			);
			path = "News reader";
			sourceTree = "<group>";
		};
		835A99AD1FA09C35004234BC /* Controller */ = {
			isa = PBXGroup;
			children = (
				835A999A1FA09169004234BC /* ViewController.swift */,
			);
			path = Controller;
			sourceTree = "<group>";
		};
		835A99AE1FA09C44004234BC /* Model */ = {
			isa = PBXGroup;
			children = (
			);
			path = Model;
			sourceTree = "<group>";
		};
		835A99AF1FA09C5F004234BC /* View */ = {
			isa = PBXGroup;
			children = (
			);
			path = View;
			sourceTree = "<group>";
		};
		835A99B01FA09C6C004234BC /* Core */ = {
			isa = PBXGroup;
			children = (
				835A99A71FA09169004234BC /* Info.plist */,
				835A99A41FA09169004234BC /* LaunchScreen.storyboard */,
				835A99A21FA09169004234BC /* Assets.xcassets */,
				835A999C1FA09169004234BC /* Main.storyboard */,
				835A99981FA09169004234BC /* AppDelegate.swift */,
			);
			path = Core;
			sourceTree = "<group>";
		};
		835A99B11FA09C93004234BC /* Core Data */ = {
			isa = PBXGroup;
			children = (
				835A999F1FA09169004234BC /* News_reader.xcdatamodeld */,
			);
			path = "Core Data";
			sourceTree = "<group>";
		};
/* End PBXGroup section */

/* Begin PBXNativeTarget section */
		835A99941FA09169004234BC /* News reader */ = {
			isa = PBXNativeTarget;
			buildConfigurationList = 835A99AA1FA09169004234BC /* Build configuration list for PBXNativeTarget "News reader" */;
			buildPhases = (
				835A99911FA09169004234BC /* Sources */,
				835A99921FA09169004234BC /* Frameworks */,
				835A99931FA09169004234BC /* Resources */,
			);
			buildRules = (
			);
			dependencies = (
			);
			name = "News reader";
			productName = "News reader";
			productReference = 835A99951FA09169004234BC /* News reader.app */;
			productType = "com.apple.product-type.application";
		};
/* End PBXNativeTarget section */

/* Begin PBXProject section */
		835A998D1FA09169004234BC /* Project object */ = {
			isa = PBXProject;
			attributes = {
				LastSwiftUpdateCheck = 0900;
				LastUpgradeCheck = 0900;
				ORGANIZATIONNAME = "Mikhalkov, Eugene";
				TargetAttributes = {
					835A99941FA09169004234BC = {
						CreatedOnToolsVersion = 9.0;
						ProvisioningStyle = Automatic;
					};
				};
			};
			buildConfigurationList = 835A99901FA09169004234BC /* Build configuration list for PBXProject "News reader" */;
			compatibilityVersion = "Xcode 8.0";
			developmentRegion = en;
			hasScannedForEncodings = 0;
			knownRegions = (
				en,
				Base,
			);
			mainGroup = 835A998C1FA09169004234BC;
			productRefGroup = 835A99961FA09169004234BC /* Products */;
			projectDirPath = "";
			projectRoot = "";
			targets = (
				835A99941FA09169004234BC /* News reader */,
			);
		};
/* End PBXProject section */

/* Begin PBXResourcesBuildPhase section */
		835A99931FA09169004234BC /* Resources */ = {
			isa = PBXResourcesBuildPhase;
			buildActionMask = 2147483647;
			files = (
				835A99A61FA09169004234BC /* LaunchScreen.storyboard in Resources */,
				835A99A31FA09169004234BC /* Assets.xcassets in Resources */,
				835A999E1FA09169004234BC /* Main.storyboard in Resources */,
			);
			runOnlyForDeploymentPostprocessing = 0;
		};
/* End PBXResourcesBuildPhase section */

/* Begin PBXSourcesBuildPhase section */
		835A99911FA09169004234BC /* Sources */ = {
			isa = PBXSourcesBuildPhase;
			buildActionMask = 2147483647;
			files = (
				835A99A11FA09169004234BC /* News_reader.xcdatamodeld in Sources */,
				835A999B1FA09169004234BC /* ViewController.swift in Sources */,
				835A99991FA09169004234BC /* AppDelegate.swift in Sources */,
			);
			runOnlyForDeploymentPostprocessing = 0;
		};
/* End PBXSourcesBuildPhase section */

/* Begin PBXVariantGroup section */
		835A999C1FA09169004234BC /* Main.storyboard */ = {
			isa = PBXVariantGroup;
			children = (
				835A999D1FA09169004234BC /* Base */,
			);
			name = Main.storyboard;
			sourceTree = "<group>";
		};
		835A99A41FA09169004234BC /* LaunchScreen.storyboard */ = {
			isa = PBXVariantGroup;
			children = (
				835A99A51FA09169004234BC /* Base */,
			);
			name = LaunchScreen.storyboard;
			sourceTree = "<group>";
		};
/* End PBXVariantGroup section */

/* Begin XCBuildConfiguration section */
		835A99A81FA09169004234BC /* Debug */ = {
			isa = XCBuildConfiguration;
			buildSettings = {
				ALWAYS_SEARCH_USER_PATHS = NO;
				CLANG_ANALYZER_NONNULL = YES;
				CLANG_ANALYZER_NUMBER_OBJECT_CONVERSION = YES_AGGRESSIVE;
				CLANG_CXX_LANGUAGE_STANDARD = "gnu++14";
				CLANG_CXX_LIBRARY = "libc++";
				CLANG_ENABLE_MODULES = YES;
				CLANG_ENABLE_OBJC_ARC = YES;
				CLANG_WARN_BLOCK_CAPTURE_AUTORELEASING = YES;
				CLANG_WARN_BOOL_CONVERSION = YES;
				CLANG_WARN_COMMA = YES;
				CLANG_WARN_CONSTANT_CONVERSION = YES;
				CLANG_WARN_DIRECT_OBJC_ISA_USAGE = YES_ERROR;
				CLANG_WARN_DOCUMENTATION_COMMENTS = YES;
				CLANG_WARN_EMPTY_BODY = YES;
				CLANG_WARN_ENUM_CONVERSION = YES;
				CLANG_WARN_INFINITE_RECURSION = YES;
				CLANG_WARN_INT_CONVERSION = YES;
				CLANG_WARN_NON_LITERAL_NULL_CONVERSION = YES;
				CLANG_WARN_OBJC_LITERAL_CONVERSION = YES;
				CLANG_WARN_OBJC_ROOT_CLASS = YES_ERROR;
				CLANG_WARN_RANGE_LOOP_ANALYSIS = YES;
				CLANG_WARN_STRICT_PROTOTYPES = YES;
				CLANG_WARN_SUSPICIOUS_MOVE = YES;
				CLANG_WARN_UNGUARDED_AVAILABILITY = YES_AGGRESSIVE;
				CLANG_WARN_UNREACHABLE_CODE = YES;
				CLANG_WARN__DUPLICATE_METHOD_MATCH = YES;
				CODE_SIGN_IDENTITY = "iPhone Developer";
				COPY_PHASE_STRIP = NO;
				DEBUG_INFORMATION_FORMAT = dwarf;
				ENABLE_STRICT_OBJC_MSGSEND = YES;
				ENABLE_TESTABILITY = YES;
				GCC_C_LANGUAGE_STANDARD = gnu11;
				GCC_DYNAMIC_NO_PIC = NO;
				GCC_NO_COMMON_BLOCKS = YES;
				GCC_OPTIMIZATION_LEVEL = 0;
				GCC_PREPROCESSOR_DEFINITIONS = (
					"DEBUG=1",
					"$(inherited)",
				);
				GCC_WARN_64_TO_32_BIT_CONVERSION = YES;
				GCC_WARN_ABOUT_RETURN_TYPE = YES_ERROR;
				GCC_WARN_UNDECLARED_SELECTOR = YES;
				GCC_WARN_UNINITIALIZED_AUTOS = YES_AGGRESSIVE;
				GCC_WARN_UNUSED_FUNCTION = YES;
				GCC_WARN_UNUSED_VARIABLE = YES;
				IPHONEOS_DEPLOYMENT_TARGET = 11.0;
				MTL_ENABLE_DEBUG_INFO = YES;
				ONLY_ACTIVE_ARCH = YES;
				SDKROOT = iphoneos;
				SWIFT_ACTIVE_COMPILATION_CONDITIONS = DEBUG;
				SWIFT_OPTIMIZATION_LEVEL = "-Onone";
			};
			name = Debug;
		};
		835A99A91FA09169004234BC /* Release */ = {
			isa = XCBuildConfiguration;
			buildSettings = {
				ALWAYS_SEARCH_USER_PATHS = NO;
				CLANG_ANALYZER_NONNULL = YES;
				CLANG_ANALYZER_NUMBER_OBJECT_CONVERSION = YES_AGGRESSIVE;
				CLANG_CXX_LANGUAGE_STANDARD = "gnu++14";
				CLANG_CXX_LIBRARY = "libc++";
				CLANG_ENABLE_MODULES = YES;
				CLANG_ENABLE_OBJC_ARC = YES;
				CLANG_WARN_BLOCK_CAPTURE_AUTORELEASING = YES;
				CLANG_WARN_BOOL_CONVERSION = YES;
				CLANG_WARN_COMMA = YES;
				CLANG_WARN_CONSTANT_CONVERSION = YES;
				CLANG_WARN_DIRECT_OBJC_ISA_USAGE = YES_ERROR;
				CLANG_WARN_DOCUMENTATION_COMMENTS = YES;
				CLANG_WARN_EMPTY_BODY = YES;
				CLANG_WARN_ENUM_CONVERSION = YES;
				CLANG_WARN_INFINITE_RECURSION = YES;
				CLANG_WARN_INT_CONVERSION = YES;
				CLANG_WARN_NON_LITERAL_NULL_CONVERSION = YES;
				CLANG_WARN_OBJC_LITERAL_CONVERSION = YES;
				CLANG_WARN_OBJC_ROOT_CLASS = YES_ERROR;
				CLANG_WARN_RANGE_LOOP_ANALYSIS = YES;
				CLANG_WARN_STRICT_PROTOTYPES = YES;
				CLANG_WARN_SUSPICIOUS_MOVE = YES;
				CLANG_WARN_UNGUARDED_AVAILABILITY = YES_AGGRESSIVE;
				CLANG_WARN_UNREACHABLE_CODE = YES;
				CLANG_WARN__DUPLICATE_METHOD_MATCH = YES;
				CODE_SIGN_IDENTITY = "iPhone Developer";
				COPY_PHASE_STRIP = NO;
				DEBUG_INFORMATION_FORMAT = "dwarf-with-dsym";
				ENABLE_NS_ASSERTIONS = NO;
				ENABLE_STRICT_OBJC_MSGSEND = YES;
				GCC_C_LANGUAGE_STANDARD = gnu11;
				GCC_NO_COMMON_BLOCKS = YES;
				GCC_WARN_64_TO_32_BIT_CONVERSION = YES;
				GCC_WARN_ABOUT_RETURN_TYPE = YES_ERROR;
				GCC_WARN_UNDECLARED_SELECTOR = YES;
				GCC_WARN_UNINITIALIZED_AUTOS = YES_AGGRESSIVE;
				GCC_WARN_UNUSED_FUNCTION = YES;
				GCC_WARN_UNUSED_VARIABLE = YES;
				IPHONEOS_DEPLOYMENT_TARGET = 11.0;
				MTL_ENABLE_DEBUG_INFO = NO;
				SDKROOT = iphoneos;
				SWIFT_OPTIMIZATION_LEVEL = "-Owholemodule";
				VALIDATE_PRODUCT = YES;
			};
			name = Release;
		};
		835A99AB1FA09169004234BC /* Debug */ = {
			isa = XCBuildConfiguration;
			buildSettings = {
				ASSETCATALOG_COMPILER_APPICON_NAME = AppIcon;
				CODE_SIGN_STYLE = Automatic;
				INFOPLIST_FILE = "News reader/Info.plist";
				LD_RUNPATH_SEARCH_PATHS = "$(inherited) @executable_path/Frameworks";
				PRODUCT_BUNDLE_IDENTIFIER = "qulix.News-reader";
				PRODUCT_NAME = "$(TARGET_NAME)";
				SWIFT_VERSION = 4.0;
				TARGETED_DEVICE_FAMILY = "1,2";
			};
			name = Debug;
		};
		835A99AC1FA09169004234BC /* Release */ = {
			isa = XCBuildConfiguration;
			buildSettings = {
				ASSETCATALOG_COMPILER_APPICON_NAME = AppIcon;
				CODE_SIGN_STYLE = Automatic;
				INFOPLIST_FILE = "News reader/Info.plist";
				LD_RUNPATH_SEARCH_PATHS = "$(inherited) @executable_path/Frameworks";
				PRODUCT_BUNDLE_IDENTIFIER = "qulix.News-reader";
				PRODUCT_NAME = "$(TARGET_NAME)";
				SWIFT_VERSION = 4.0;
				TARGETED_DEVICE_FAMILY = "1,2";
			};
			name = Release;
		};
/* End XCBuildConfiguration section */

/* Begin XCConfigurationList section */
		835A99901FA09169004234BC /* Build configuration list for PBXProject "News reader" */ = {
			isa = XCConfigurationList;
			buildConfigurations = (
				835A99A81FA09169004234BC /* Debug */,
				835A99A91FA09169004234BC /* Release */,
			);
			defaultConfigurationIsVisible = 0;
			defaultConfigurationName = Release;
		};
		835A99AA1FA09169004234BC /* Build configuration list for PBXNativeTarget "News reader" */ = {
			isa = XCConfigurationList;
			buildConfigurations = (
				835A99AB1FA09169004234BC /* Debug */,
				835A99AC1FA09169004234BC /* Release */,
			);
			defaultConfigurationIsVisible = 0;
			defaultConfigurationName = Release;
		};
/* End XCConfigurationList section */

/* Begin XCVersionGroup section */
		835A999F1FA09169004234BC /* News_reader.xcdatamodeld */ = {
			isa = XCVersionGroup;
			children = (
				835A99A01FA09169004234BC /* News_reader.xcdatamodel */,
			);
			currentVersion = 835A99A01FA09169004234BC /* News_reader.xcdatamodel */;
			path = News_reader.xcdatamodeld;
			sourceTree = "<group>";
			versionGroupType = wrapper.xcdatamodel;
		};
/* End XCVersionGroup section */
	};
	rootObject = 835A998D1FA09169004234BC /* Project object */;
}
